PODS:
  - Charts (3.0.4):
    - Charts/Core (= 3.0.4)
  - Charts/Core (3.0.4)
  - UIImageColors (1.4.0)

DEPENDENCIES:
  - Charts
  - UIImageColors (~> 1.4)

SPEC CHECKSUMS:
  Charts: 0705898046257443f0afbbc3179f4b67507b6e48
  UIImageColors: 1f891e1a3224efebb01ad476df3a5aed4220ee24

PODFILE CHECKSUM: d758cff01a2028dae66ba27879f177adabde18fc

COCOAPODS: 1.3.1
